
Microsoft Visual Studio Solution File, Format Version 12.00
# Visual Studio Version 16
VisualStudioVersion = 16.0.31624.102
MinimumVisualStudioVersion = 10.0.40219.1
Project("{D2ABAB84-BF74-430A-B69E-9DC6D40DDA17}") = "OLAP_UK", "OLAP_UK\OLAP_UK.dwproj", "{8C7040B2-4713-4547-8074-D25BC755C848}"
EndProject
Global
	GlobalSection(SolutionConfigurationPlatforms) = preSolution
		Development|Default = Development|Default
	EndGlobalSection
	GlobalSection(ProjectConfigurationPlatforms) = postSolution
		{8C7040B2-4713-4547-8074-D25BC755C848}.Development|Default.ActiveCfg = Development
		{8C7040B2-4713-4547-8074-D25BC755C848}.Development|Default.Build.0 = Development
		{8C7040B2-4713-4547-8074-D25BC755C848}.Development|Default.Deploy.0 = Development
	EndGlobalSection
	GlobalSection(SolutionProperties) = preSolution
		HideSolutionNode = FALSE
	EndGlobalSection
	GlobalSection(ExtensibilityGlobals) = postSolution
		SolutionGuid = {38605DAC-706D-43AE-BBB9-5F642EDFA22E}
	EndGlobalSection
EndGlobal
